<?xml version="1.0" encoding="utf-8"?>
<Project ToolsVersion="4.0" xmlns="http://schemas.microsoft.com/developer/msbuild/2003">
  <ItemGroup>
    <Filter Include="Fichiers sources">
      <UniqueIdentifier>{4FC737F1-C7A5-4376-A066-2A32D752A2FF}</UniqueIdentifier>
      <Extensions>cpp;c;cc;cxx;def;odl;idl;hpj;bat;asm;asmx</Extensions>
    </Filter>
    <Filter Include="Fichiers d%27en-tête">
      <UniqueIdentifier>{93995380-89BD-4b04-88EB-625FBE52EBFB}</UniqueIdentifier>
      <Extensions>h;hh;hpp;hxx;hm;inl;inc;ipp;xsd</Extensions>
    </Filter>
    <Filter Include="Fichiers de ressources">
      <UniqueIdentifier>{67DA6AB6-F800-4c08-8B7A-83BB121AAD01}</UniqueIdentifier>
      <Extensions>rc;ico;cur;bmp;dlg;rc2;rct;bin;rgs;gif;jpg;jpeg;jpe;resx;tiff;tif;png;wav;mfcribbon-ms</Extensions>
    </Filter>
    <Filter Include="Fichiers d%27en-tête\common">
      <UniqueIdentifier>{9077be76-87e0-4795-ad7f-4fcd32722796}</UniqueIdentifier>
    </Filter>
    <Filter Include="Fichiers sources\common">
      <UniqueIdentifier>{7e17cada-730e-43a0-b53c-7c4294549811}</UniqueIdentifier>
    </Filter>
  </ItemGroup>
  <ItemGroup>
    <ClCompile Include="fbo.cpp">
      <Filter>Fichiers sources</Filter>
    </ClCompile>
    <ClCompile Include="gizmo.cpp">
      <Filter>Fichiers sources</Filter>
    </ClCompile>
    <ClCompile Include="lighthandler.cpp">
      <Filter>Fichiers sources</Filter>
    </ClCompile>
    <ClCompile Include="main.cpp">
      <Filter>Fichiers sources</Filter>
    </ClCompile>
    <ClCompile Include="mesh.cpp">
      <Filter>Fichiers sources</Filter>
    </ClCompile>
    <ClCompile Include="object3d.cpp">
      <Filter>Fichiers sources</Filter>
    </ClCompile>
    <ClCompile Include="shaderhandler.cpp">
      <Filter>Fichiers sources</Filter>
    </ClCompile>
    <ClCompile Include="shadowmap.cpp">
      <Filter>Fichiers sources</Filter>
    </ClCompile>
    <ClCompile Include="texturehandler.cpp">
      <Filter>Fichiers sources</Filter>
    </ClCompile>
    <ClCompile Include="common\controls.cpp">
      <Filter>Fichiers sources\common</Filter>
    </ClCompile>
    <ClCompile Include="common\objloader.cpp">
      <Filter>Fichiers sources\common</Filter>
    </ClCompile>
    <ClCompile Include="common\quaternion_utils.cpp">
      <Filter>Fichiers sources\common</Filter>
    </ClCompile>
    <ClCompile Include="common\shader.cpp">
      <Filter>Fichiers sources\common</Filter>
    </ClCompile>
    <ClCompile Include="common\tangentspace.cpp">
      <Filter>Fichiers sources\common</Filter>
    </ClCompile>
    <ClCompile Include="common\texture.cpp">
      <Filter>Fichiers sources\common</Filter>
    </ClCompile>
    <ClCompile Include="common\vboindexer.cpp">
      <Filter>Fichiers sources\common</Filter>
    </ClCompile>
    <ClCompile Include="bloom.cpp">
      <Filter>Fichiers sources</Filter>
    </ClCompile>
    <ClCompile Include="glow.cpp">
      <Filter>Fichiers sources</Filter>
    </ClCompile>
  </ItemGroup>
  <ItemGroup>
    <ClInclude Include="fbo.h">
      <Filter>Fichiers d%27en-tête</Filter>
    </ClInclude>
    <ClInclude Include="gizmo.h">
      <Filter>Fichiers d%27en-tête</Filter>
    </ClInclude>
    <ClInclude Include="lighthandler.h">
      <Filter>Fichiers d%27en-tête</Filter>
    </ClInclude>
    <ClInclude Include="mesh.h">
      <Filter>Fichiers d%27en-tête</Filter>
    </ClInclude>
    <ClInclude Include="object3d.h">
      <Filter>Fichiers d%27en-tête</Filter>
    </ClInclude>
    <ClInclude Include="shaderhandler.h">
      <Filter>Fichiers d%27en-tête</Filter>
    </ClInclude>
    <ClInclude Include="shadowmap.h">
      <Filter>Fichiers d%27en-tête</Filter>
    </ClInclude>
    <ClInclude Include="texturehandler.h">
      <Filter>Fichiers d%27en-tête</Filter>
    </ClInclude>
    <ClInclude Include="common\controls.hpp">
      <Filter>Fichiers d%27en-tête\common</Filter>
    </ClInclude>
    <ClInclude Include="common\quaternion_utils.hpp">
      <Filter>Fichiers d%27en-tête\common</Filter>
    </ClInclude>
    <ClInclude Include="common\objloader.hpp">
      <Filter>Fichiers d%27en-tête\common</Filter>
    </ClInclude>
    <ClInclude Include="common\tangentspace.hpp">
      <Filter>Fichiers d%27en-tête\common</Filter>
    </ClInclude>
    <ClInclude Include="common\texture.hpp">
      <Filter>Fichiers d%27en-tête\common</Filter>
    </ClInclude>
    <ClInclude Include="common\vboindexer.hpp">
      <Filter>Fichiers d%27en-tête\common</Filter>
    </ClInclude>
    <ClInclude Include="common\shader.hpp">
      <Filter>Fichiers d%27en-tête\common</Filter>
    </ClInclude>
    <ClInclude Include="bloom.h">
      <Filter>Fichiers d%27en-tête</Filter>
    </ClInclude>
    <ClInclude Include="glow.h">
      <Filter>Fichiers d%27en-tête</Filter>
    </ClInclude>
  </ItemGroup>
  <ItemGroup>
    <None Include="shaders\emissive.frag">
      <Filter>Fichiers de ressources</Filter>
    </None>
    <None Include="shaders\emissive.vert">
      <Filter>Fichiers de ressources</Filter>
    </None>
    <None Include="shaders\fbo.frag">
      <Filter>Fichiers de ressources</Filter>
    </None>
    <None Include="shaders\fboglowX.frag">
      <Filter>Fichiers de ressources</Filter>
    </None>
    <None Include="shaders\gizmo.frag">
      <Filter>Fichiers de ressources</Filter>
    </None>
    <None Include="shaders\gizmo.vert">
      <Filter>Fichiers de ressources</Filter>
    </None>
    <None Include="shaders\gooch.frag">
      <Filter>Fichiers de ressources</Filter>
    </None>
    <None Include="shaders\normal.frag">
      <Filter>Fichiers de ressources</Filter>
    </None>
    <None Include="shaders\Passthrough.vert">
      <Filter>Fichiers de ressources</Filter>
    </None>
    <None Include="shaders\phong.frag">
      <Filter>Fichiers de ressources</Filter>
    </None>
    <None Include="shaders\phongBump.frag">
      <Filter>Fichiers de ressources</Filter>
    </None>
    <None Include="shaders\phongNoText.frag">
      <Filter>Fichiers de ressources</Filter>
    </None>
    <None Include="shaders\ShadowMap.frag">
      <Filter>Fichiers de ressources</Filter>
    </None>
    <None Include="shaders\ShadowPassthrough.vert">
      <Filter>Fichiers de ressources</Filter>
    </None>
    <None Include="shaders\StandardShading.vert">
      <Filter>Fichiers de ressources</Filter>
    </None>
    <None Include="shaders\tangentShading.vert">
      <Filter>Fichiers de ressources</Filter>
    </None>
    <None Include="shaders\toon.frag">
      <Filter>Fichiers de ressources</Filter>
    </None>
    <None Include="shaders\blurx.frag">
      <Filter>Fichiers de ressources</Filter>
    </None>
    <None Include="shaders\blury.frag">
      <Filter>Fichiers de ressources</Filter>
    </None>
    <None Include="shaders\phongNoTextBloom.frag">
      <Filter>Fichiers de ressources</Filter>
    </None>
    <None Include="shaders\normalBloom.frag">
      <Filter>Fichiers de ressources</Filter>
    </None>
    <None Include="shaders\phongBumpBloom.frag">
      <Filter>Fichiers de ressources</Filter>
    </None>
    <None Include="shaders\phongBloom.frag">
      <Filter>Fichiers de ressources</Filter>
    </None>
    <None Include="shaders\fboAdd.frag">
      <Filter>Fichiers de ressources</Filter>
    </None>
  </ItemGroup>
</Project>